
Microsoft Visual Studio Solution File, Format Version 12.00
# Visual Studio Version 16
VisualStudioVersion = 16.0.29613.14
MinimumVisualStudioVersion = 10.0.40219.1
Project("{FAE04EC0-301F-11D3-BF4B-00C04F79EFBC}") = "GlobalStore", "GlobalStore\GlobalStore.csproj", "{DD79C042-87F1-4DBC-8A8C-C5878174DC9C}"
EndProject
Project("{54435603-DBB4-11D2-8724-00A0C9A8B90C}") = "Global Store v1.0.0", "Global Store v1.0.0\Global Store v1.0.0.vdproj", "{75DA2113-664E-468F-BD58-10E56BE0F251}"
EndProject
Global
	GlobalSection(SolutionConfigurationPlatforms) = preSolution
		Debug|Any CPU = Debug|Any CPU
		Release|Any CPU = Release|Any CPU
	EndGlobalSection
	GlobalSection(ProjectConfigurationPlatforms) = postSolution
		{DD79C042-87F1-4DBC-8A8C-C5878174DC9C}.Debug|Any CPU.ActiveCfg = Release|Any CPU
		{DD79C042-87F1-4DBC-8A8C-C5878174DC9C}.Debug|Any CPU.Build.0 = Release|Any CPU
		{DD79C042-87F1-4DBC-8A8C-C5878174DC9C}.Release|Any CPU.ActiveCfg = Release|Any CPU
		{DD79C042-87F1-4DBC-8A8C-C5878174DC9C}.Release|Any CPU.Build.0 = Release|Any CPU
		{75DA2113-664E-468F-BD58-10E56BE0F251}.Debug|Any CPU.ActiveCfg = Debug
		{75DA2113-664E-468F-BD58-10E56BE0F251}.Release|Any CPU.ActiveCfg = Release
	EndGlobalSection
	GlobalSection(SolutionProperties) = preSolution
		HideSolutionNode = FALSE
	EndGlobalSection
	GlobalSection(ExtensibilityGlobals) = postSolution
		SolutionGuid = {B84F4F49-38A4-4866-9098-791E06E1174E}
	EndGlobalSection
EndGlobal
